
Microsoft Visual Studio Solution File, Format Version 12.00
# Visual Studio Version 17
VisualStudioVersion = 17.2.32505.173
MinimumVisualStudioVersion = 10.0.40219.1
Project("{FAE04EC0-301F-11D3-BF4B-00C04F79EFBC}") = "our first menu", "our first menu\our first menu.csproj", "{7956C10F-C077-4519-8DD0-5F18EC8173C4}"
EndProject
Global
	GlobalSection(SolutionConfigurationPlatforms) = preSolution
		Debug|Any CPU = Debug|Any CPU
		Release|Any CPU = Release|Any CPU
	EndGlobalSection
	GlobalSection(ProjectConfigurationPlatforms) = postSolution
		{7956C10F-C077-4519-8DD0-5F18EC8173C4}.Debug|Any CPU.ActiveCfg = Debug|Any CPU
		{7956C10F-C077-4519-8DD0-5F18EC8173C4}.Debug|Any CPU.Build.0 = Debug|Any CPU
		{7956C10F-C077-4519-8DD0-5F18EC8173C4}.Release|Any CPU.ActiveCfg = Release|Any CPU
		{7956C10F-C077-4519-8DD0-5F18EC8173C4}.Release|Any CPU.Build.0 = Release|Any CPU
	EndGlobalSection
	GlobalSection(SolutionProperties) = preSolution
		HideSolutionNode = FALSE
	EndGlobalSection
	GlobalSection(ExtensibilityGlobals) = postSolution
		SolutionGuid = {CE8BDFCE-2D3F-4A6C-A070-FE6A42A6C5FE}
	EndGlobalSection
EndGlobal
